
Microsoft Visual Studio Solution File, Format Version 12.00
# Visual Studio 15
VisualStudioVersion = 15.0.26730.12
MinimumVisualStudioVersion = 10.0.40219.1
Project("{FAE04EC0-301F-11D3-BF4B-00C04F79EFBC}") = "NewCalculator", "NewCalculator\NewCalculator.csproj", "{0343CC2B-9487-4AC5-B240-F7C956B8ADEC}"
EndProject
Global
	GlobalSection(SolutionConfigurationPlatforms) = preSolution
		Debug|Any CPU = Debug|Any CPU
		Release|Any CPU = Release|Any CPU
	EndGlobalSection
	GlobalSection(ProjectConfigurationPlatforms) = postSolution
		{0343CC2B-9487-4AC5-B240-F7C956B8ADEC}.Debug|Any CPU.ActiveCfg = Debug|Any CPU
		{0343CC2B-9487-4AC5-B240-F7C956B8ADEC}.Debug|Any CPU.Build.0 = Debug|Any CPU
		{0343CC2B-9487-4AC5-B240-F7C956B8ADEC}.Release|Any CPU.ActiveCfg = Release|Any CPU
		{0343CC2B-9487-4AC5-B240-F7C956B8ADEC}.Release|Any CPU.Build.0 = Release|Any CPU
	EndGlobalSection
	GlobalSection(SolutionProperties) = preSolution
		HideSolutionNode = FALSE
	EndGlobalSection
	GlobalSection(ExtensibilityGlobals) = postSolution
		SolutionGuid = {48C9C88E-6F15-4879-B74F-EA4DD01DF2D0}
	EndGlobalSection
EndGlobal
